
Microsoft Visual Studio Solution File, Format Version 12.00
# Visual Studio 15
Project("{FAE04EC0-301F-11D3-BF4B-00C04F79EFBC}") = "Assembly-CSharp", "Assembly-CSharp.csproj", "{D047D058-6D79-7406-9B30-680B7CFFA56E}"
EndProject
Global
	GlobalSection(SolutionConfigurationPlatforms) = preSolution
		Debug|Any CPU = Debug|Any CPU
		Release|Any CPU = Release|Any CPU
	EndGlobalSection
	GlobalSection(ProjectConfigurationPlatforms) = postSolution
		{D047D058-6D79-7406-9B30-680B7CFFA56E}.Debug|Any CPU.ActiveCfg = Debug|Any CPU
		{D047D058-6D79-7406-9B30-680B7CFFA56E}.Debug|Any CPU.Build.0 = Debug|Any CPU
		{D047D058-6D79-7406-9B30-680B7CFFA56E}.Release|Any CPU.ActiveCfg = Release|Any CPU
		{D047D058-6D79-7406-9B30-680B7CFFA56E}.Release|Any CPU.Build.0 = Release|Any CPU
	EndGlobalSection
	GlobalSection(SolutionProperties) = preSolution
		HideSolutionNode = FALSE
	EndGlobalSection
EndGlobal
